# THIS IS AN AUTOGENERATED FILE. DO NOT EDIT THIS FILE DIRECTLY.
# yarn lockfile v1


hyperapp@^0.9.2:
  version "0.9.3"
  resolved "https://registry.yarnpkg.com/hyperapp/-/hyperapp-0.9.3.tgz#f2613c7ac0530c14323f2200e9e4be87ff38ffb1"

prettier@^1.5.2:
  version "1.5.2"
  resolved "https://registry.yarnpkg.com/prettier/-/prettier-1.5.2.tgz#7ea0751da27b93bfb6cecfcec509994f52d83bb3"
